
Microsoft Visual Studio Solution File, Format Version 12.00
# Visual Studio 2015
Project("{FAE04EC0-301F-11D3-BF4B-00C04F79EFBC}") = "Fishing.CSharp", "Fishing.CSharp.csproj", "{D8B82987-8A3B-2605-AF7F-CBE1702CC43C}"
EndProject
Global
	GlobalSection(SolutionConfigurationPlatforms) = preSolution
		Debug|Any CPU = Debug|Any CPU
		Release|Any CPU = Release|Any CPU
	EndGlobalSection
	GlobalSection(ProjectConfigurationPlatforms) = postSolution
		{D8B82987-8A3B-2605-AF7F-CBE1702CC43C}.Debug|Any CPU.ActiveCfg = Debug|Any CPU
		{D8B82987-8A3B-2605-AF7F-CBE1702CC43C}.Debug|Any CPU.Build.0 = Debug|Any CPU
		{D8B82987-8A3B-2605-AF7F-CBE1702CC43C}.Release|Any CPU.ActiveCfg = Release|Any CPU
		{D8B82987-8A3B-2605-AF7F-CBE1702CC43C}.Release|Any CPU.Build.0 = Release|Any CPU
	EndGlobalSection
	GlobalSection(SolutionProperties) = preSolution
		HideSolutionNode = FALSE
	EndGlobalSection
EndGlobal
